
Microsoft Visual Studio Solution File, Format Version 12.00
# Visual Studio Version 17
VisualStudioVersion = 17.14.36414.22 d17.14
MinimumVisualStudioVersion = 10.0.40219.1
Project("{FAE04EC0-301F-11D3-BF4B-00C04F79EFBC}") = "ConsoleApp4", "ConsoleApp4\ConsoleApp4.csproj", "{9003BA3D-94D9-42D6-9B70-D390954C1164}"
EndProject
Global
	GlobalSection(SolutionConfigurationPlatforms) = preSolution
		Debug|Any CPU = Debug|Any CPU
		Release|Any CPU = Release|Any CPU
	EndGlobalSection
	GlobalSection(ProjectConfigurationPlatforms) = postSolution
		{9003BA3D-94D9-42D6-9B70-D390954C1164}.Debug|Any CPU.ActiveCfg = Debug|Any CPU
		{9003BA3D-94D9-42D6-9B70-D390954C1164}.Debug|Any CPU.Build.0 = Debug|Any CPU
		{9003BA3D-94D9-42D6-9B70-D390954C1164}.Release|Any CPU.ActiveCfg = Release|Any CPU
		{9003BA3D-94D9-42D6-9B70-D390954C1164}.Release|Any CPU.Build.0 = Release|Any CPU
	EndGlobalSection
	GlobalSection(SolutionProperties) = preSolution
		HideSolutionNode = FALSE
	EndGlobalSection
	GlobalSection(ExtensibilityGlobals) = postSolution
		SolutionGuid = {F3B5D829-97D1-4AE1-A813-0327A42DFF05}
	EndGlobalSection
EndGlobal
